// !$*UTF8*$!
{
	archiveVersion = 1;
	classes = {
	};
	objectVersion = 46;
	objects = {

/* Begin PBXBuildFile section */
		24A217B7131D410400B22FC3 /* UIKit.framework in Frameworks */ = {isa = PBXBuildFile; fileRef = 24A217B6131D410400B22FC3 /* UIKit.framework */; };
		24A217B9131D410400B22FC3 /* Foundation.framework in Frameworks */ = {isa = PBXBuildFile; fileRef = 24A217B8131D410400B22FC3 /* Foundation.framework */; };
		24A217BB131D410400B22FC3 /* CoreGraphics.framework in Frameworks */ = {isa = PBXBuildFile; fileRef = 24A217BA131D410400B22FC3 /* CoreGraphics.framework */; };
		24FE3B45131D87D900B7A806 /* InfoPlist.strings in Resources */ = {isa = PBXBuildFile; fileRef = 24FE3B34131D87D800B7A806 /* InfoPlist.strings */; };
		24FE3B46131D87D900B7A806 /* MainWindow_iPad.xib in Resources */ = {isa = PBXBuildFile; fileRef = 24FE3B37131D87D900B7A806 /* MainWindow_iPad.xib */; };
		24FE3B47131D87D900B7A806 /* SampleViewControllersAppDelegate_iPad.m in Sources */ = {isa = PBXBuildFile; fileRef = 24FE3B3A131D87D900B7A806 /* SampleViewControllersAppDelegate_iPad.m */; };
		24FE3B48131D87D900B7A806 /* MainWindow_iPhone.xib in Resources */ = {isa = PBXBuildFile; fileRef = 24FE3B3C131D87D900B7A806 /* MainWindow_iPhone.xib */; };
		24FE3B49131D87D900B7A806 /* SampleViewControllersAppDelegate_iPhone.m in Sources */ = {isa = PBXBuildFile; fileRef = 24FE3B3F131D87D900B7A806 /* SampleViewControllersAppDelegate_iPhone.m */; };
		24FE3B4A131D87D900B7A806 /* main.m in Sources */ = {isa = PBXBuildFile; fileRef = 24FE3B40131D87D900B7A806 /* main.m */; };
		24FE3B4B131D87D900B7A806 /* SampleViewControllers-Info.plist in Resources */ = {isa = PBXBuildFile; fileRef = 24FE3B41131D87D900B7A806 /* SampleViewControllers-Info.plist */; };
		24FE3B4C131D87D900B7A806 /* SampleViewControllersAppDelegate.m in Sources */ = {isa = PBXBuildFile; fileRef = 24FE3B44131D87D900B7A806 /* SampleViewControllersAppDelegate.m */; };
		24FE3BEC131D87E500B7A806 /* TestViewController.m in Sources */ = {isa = PBXBuildFile; fileRef = 24FE3BB6131D87E400B7A806 /* TestViewController.m */; };
		24FE3BED131D87E500B7A806 /* TestViewController.xib in Resources */ = {isa = PBXBuildFile; fileRef = 24FE3BB7131D87E400B7A806 /* TestViewController.xib */; };
/* End PBXBuildFile section */

/* Begin PBXFileReference section */
		24A217B2131D410400B22FC3 /* SampleViewControllers.app */ = {isa = PBXFileReference; explicitFileType = wrapper.application; includeInIndex = 0; path = SampleViewControllers.app; sourceTree = BUILT_PRODUCTS_DIR; };
		24A217B6131D410400B22FC3 /* UIKit.framework */ = {isa = PBXFileReference; lastKnownFileType = wrapper.framework; name = UIKit.framework; path = System/Library/Frameworks/UIKit.framework; sourceTree = SDKROOT; };
		24A217B8131D410400B22FC3 /* Foundation.framework */ = {isa = PBXFileReference; lastKnownFileType = wrapper.framework; name = Foundation.framework; path = System/Library/Frameworks/Foundation.framework; sourceTree = SDKROOT; };
		24A217BA131D410400B22FC3 /* CoreGraphics.framework */ = {isa = PBXFileReference; lastKnownFileType = wrapper.framework; name = CoreGraphics.framework; path = System/Library/Frameworks/CoreGraphics.framework; sourceTree = SDKROOT; };
		24FE3B35131D87D900B7A806 /* en */ = {isa = PBXFileReference; lastKnownFileType = text.plist.strings; name = en; path = en.lproj/InfoPlist.strings; sourceTree = "<group>"; };
		24FE3B38131D87D900B7A806 /* en */ = {isa = PBXFileReference; lastKnownFileType = file.xib; name = en; path = en.lproj/MainWindow_iPad.xib; sourceTree = "<group>"; };
		24FE3B39131D87D900B7A806 /* SampleViewControllersAppDelegate_iPad.h */ = {isa = PBXFileReference; fileEncoding = 4; lastKnownFileType = sourcecode.c.h; path = SampleViewControllersAppDelegate_iPad.h; sourceTree = "<group>"; };
		24FE3B3A131D87D900B7A806 /* SampleViewControllersAppDelegate_iPad.m */ = {isa = PBXFileReference; fileEncoding = 4; lastKnownFileType = sourcecode.c.objc; path = SampleViewControllersAppDelegate_iPad.m; sourceTree = "<group>"; };
		24FE3B3D131D87D900B7A806 /* en */ = {isa = PBXFileReference; lastKnownFileType = file.xib; name = en; path = en.lproj/MainWindow_iPhone.xib; sourceTree = "<group>"; };
		24FE3B3E131D87D900B7A806 /* SampleViewControllersAppDelegate_iPhone.h */ = {isa = PBXFileReference; fileEncoding = 4; lastKnownFileType = sourcecode.c.h; path = SampleViewControllersAppDelegate_iPhone.h; sourceTree = "<group>"; };
		24FE3B3F131D87D900B7A806 /* SampleViewControllersAppDelegate_iPhone.m */ = {isa = PBXFileReference; fileEncoding = 4; lastKnownFileType = sourcecode.c.objc; path = SampleViewControllersAppDelegate_iPhone.m; sourceTree = "<group>"; };
		24FE3B40131D87D900B7A806 /* main.m */ = {isa = PBXFileReference; fileEncoding = 4; lastKnownFileType = sourcecode.c.objc; path = main.m; sourceTree = "<group>"; };
		24FE3B41131D87D900B7A806 /* SampleViewControllers-Info.plist */ = {isa = PBXFileReference; fileEncoding = 4; lastKnownFileType = text.plist.xml; path = "SampleViewControllers-Info.plist"; sourceTree = "<group>"; };
		24FE3B42131D87D900B7A806 /* SampleViewControllers-Prefix.pch */ = {isa = PBXFileReference; fileEncoding = 4; lastKnownFileType = sourcecode.c.h; path = "SampleViewControllers-Prefix.pch"; sourceTree = "<group>"; };
		24FE3B43131D87D900B7A806 /* SampleViewControllersAppDelegate.h */ = {isa = PBXFileReference; fileEncoding = 4; lastKnownFileType = sourcecode.c.h; path = SampleViewControllersAppDelegate.h; sourceTree = "<group>"; };
		24FE3B44131D87D900B7A806 /* SampleViewControllersAppDelegate.m */ = {isa = PBXFileReference; fileEncoding = 4; lastKnownFileType = sourcecode.c.objc; path = SampleViewControllersAppDelegate.m; sourceTree = "<group>"; };
		24FE3BB5131D87E400B7A806 /* TestViewController.h */ = {isa = PBXFileReference; fileEncoding = 4; lastKnownFileType = sourcecode.c.h; path = TestViewController.h; sourceTree = "<group>"; };
		24FE3BB6131D87E400B7A806 /* TestViewController.m */ = {isa = PBXFileReference; fileEncoding = 4; lastKnownFileType = sourcecode.c.objc; path = TestViewController.m; sourceTree = "<group>"; };
		24FE3BB7131D87E400B7A806 /* TestViewController.xib */ = {isa = PBXFileReference; fileEncoding = 4; lastKnownFileType = file.xib; path = TestViewController.xib; sourceTree = "<group>"; };
/* End PBXFileReference section */

/* Begin PBXFrameworksBuildPhase section */
		24A217AF131D410400B22FC3 /* Frameworks */ = {
			isa = PBXFrameworksBuildPhase;
			buildActionMask = 2147483647;
			files = (
				24A217B7131D410400B22FC3 /* UIKit.framework in Frameworks */,
				24A217B9131D410400B22FC3 /* Foundation.framework in Frameworks */,
				24A217BB131D410400B22FC3 /* CoreGraphics.framework in Frameworks */,
			);
			runOnlyForDeploymentPostprocessing = 0;
		};
/* End PBXFrameworksBuildPhase section */

/* Begin PBXGroup section */
		24A217A7131D410400B22FC3 = {
			isa = PBXGroup;
			children = (
				24FE3B4E131D87E400B7A806 /* SampleViewControllers */,
				24FE3B33131D87D800B7A806 /* Classes */,
				24A217B5131D410400B22FC3 /* Frameworks */,
				24A217B3131D410400B22FC3 /* Products */,
			);
			sourceTree = "<group>";
		};
		24A217B3131D410400B22FC3 /* Products */ = {
			isa = PBXGroup;
			children = (
				24A217B2131D410400B22FC3 /* SampleViewControllers.app */,
			);
			name = Products;
			sourceTree = "<group>";
		};
		24A217B5131D410400B22FC3 /* Frameworks */ = {
			isa = PBXGroup;
			children = (
				24A217B6131D410400B22FC3 /* UIKit.framework */,
				24A217B8131D410400B22FC3 /* Foundation.framework */,
				24A217BA131D410400B22FC3 /* CoreGraphics.framework */,
			);
			name = Frameworks;
			sourceTree = "<group>";
		};
		24FE3B33131D87D800B7A806 /* Classes */ = {
			isa = PBXGroup;
			children = (
				24FE3B34131D87D800B7A806 /* InfoPlist.strings */,
				24FE3B36131D87D900B7A806 /* iPad */,
				24FE3B3B131D87D900B7A806 /* iPhone */,
				24FE3B40131D87D900B7A806 /* main.m */,
				24FE3B41131D87D900B7A806 /* SampleViewControllers-Info.plist */,
				24FE3B42131D87D900B7A806 /* SampleViewControllers-Prefix.pch */,
				24FE3B43131D87D900B7A806 /* SampleViewControllersAppDelegate.h */,
				24FE3B44131D87D900B7A806 /* SampleViewControllersAppDelegate.m */,
			);
			path = Classes;
			sourceTree = "<group>";
		};
		24FE3B36131D87D900B7A806 /* iPad */ = {
			isa = PBXGroup;
			children = (
				24FE3B37131D87D900B7A806 /* MainWindow_iPad.xib */,
				24FE3B39131D87D900B7A806 /* SampleViewControllersAppDelegate_iPad.h */,
				24FE3B3A131D87D900B7A806 /* SampleViewControllersAppDelegate_iPad.m */,
			);
			path = iPad;
			sourceTree = "<group>";
		};
		24FE3B3B131D87D900B7A806 /* iPhone */ = {
			isa = PBXGroup;
			children = (
				24FE3B3C131D87D900B7A806 /* MainWindow_iPhone.xib */,
				24FE3B3E131D87D900B7A806 /* SampleViewControllersAppDelegate_iPhone.h */,
				24FE3B3F131D87D900B7A806 /* SampleViewControllersAppDelegate_iPhone.m */,
			);
			path = iPhone;
			sourceTree = "<group>";
		};
		24FE3B4E131D87E400B7A806 /* SampleViewControllers */ = {
			isa = PBXGroup;
			children = (
				24FE3BB5131D87E400B7A806 /* TestViewController.h */,
				24FE3BB6131D87E400B7A806 /* TestViewController.m */,
				24FE3BB7131D87E400B7A806 /* TestViewController.xib */,
			);
			name = SampleViewControllers;
			path = ..;
			sourceTree = "<group>";
		};
/* End PBXGroup section */

/* Begin PBXNativeTarget section */
		24A217B1131D410400B22FC3 /* SampleViewControllers */ = {
			isa = PBXNativeTarget;
			buildConfigurationList = 24A217D8131D410400B22FC3 /* Build configuration list for PBXNativeTarget "SampleViewControllers" */;
			buildPhases = (
				24A217AE131D410400B22FC3 /* Sources */,
				24A217AF131D410400B22FC3 /* Frameworks */,
				24A217B0131D410400B22FC3 /* Resources */,
			);
			buildRules = (
			);
			dependencies = (
			);
			name = SampleViewControllers;
			productName = SampleViewControllers;
			productReference = 24A217B2131D410400B22FC3 /* SampleViewControllers.app */;
			productType = "com.apple.product-type.application";
		};
/* End PBXNativeTarget section */

/* Begin PBXProject section */
		24A217A9131D410400B22FC3 /* Project object */ = {
			isa = PBXProject;
			attributes = {
				ORGANIZATIONNAME = "Daniel Tull";
			};
			buildConfigurationList = 24A217AC131D410400B22FC3 /* Build configuration list for PBXProject "SampleViewControllers" */;
			compatibilityVersion = "Xcode 3.2";
			developmentRegion = English;
			hasScannedForEncodings = 0;
			knownRegions = (
				en,
			);
			mainGroup = 24A217A7131D410400B22FC3;
			productRefGroup = 24A217B3131D410400B22FC3 /* Products */;
			projectDirPath = "";
			projectRoot = "";
			targets = (
				24A217B1131D410400B22FC3 /* SampleViewControllers */,
			);
		};
/* End PBXProject section */

/* Begin PBXResourcesBuildPhase section */
		24A217B0131D410400B22FC3 /* Resources */ = {
			isa = PBXResourcesBuildPhase;
			buildActionMask = 2147483647;
			files = (
				24FE3B45131D87D900B7A806 /* InfoPlist.strings in Resources */,
				24FE3B46131D87D900B7A806 /* MainWindow_iPad.xib in Resources */,
				24FE3B48131D87D900B7A806 /* MainWindow_iPhone.xib in Resources */,
				24FE3B4B131D87D900B7A806 /* SampleViewControllers-Info.plist in Resources */,
				24FE3BED131D87E500B7A806 /* TestViewController.xib in Resources */,
			);
			runOnlyForDeploymentPostprocessing = 0;
		};
/* End PBXResourcesBuildPhase section */

/* Begin PBXSourcesBuildPhase section */
		24A217AE131D410400B22FC3 /* Sources */ = {
			isa = PBXSourcesBuildPhase;
			buildActionMask = 2147483647;
			files = (
				24FE3B47131D87D900B7A806 /* SampleViewControllersAppDelegate_iPad.m in Sources */,
				24FE3B49131D87D900B7A806 /* SampleViewControllersAppDelegate_iPhone.m in Sources */,
				24FE3B4A131D87D900B7A806 /* main.m in Sources */,
				24FE3B4C131D87D900B7A806 /* SampleViewControllersAppDelegate.m in Sources */,
				24FE3BEC131D87E500B7A806 /* TestViewController.m in Sources */,
			);
			runOnlyForDeploymentPostprocessing = 0;
		};
/* End PBXSourcesBuildPhase section */

/* Begin PBXVariantGroup section */
		24FE3B34131D87D800B7A806 /* InfoPlist.strings */ = {
			isa = PBXVariantGroup;
			children = (
				24FE3B35131D87D900B7A806 /* en */,
			);
			name = InfoPlist.strings;
			sourceTree = "<group>";
		};
		24FE3B37131D87D900B7A806 /* MainWindow_iPad.xib */ = {
			isa = PBXVariantGroup;
			children = (
				24FE3B38131D87D900B7A806 /* en */,
			);
			name = MainWindow_iPad.xib;
			sourceTree = "<group>";
		};
		24FE3B3C131D87D900B7A806 /* MainWindow_iPhone.xib */ = {
			isa = PBXVariantGroup;
			children = (
				24FE3B3D131D87D900B7A806 /* en */,
			);
			name = MainWindow_iPhone.xib;
			sourceTree = "<group>";
		};
/* End PBXVariantGroup section */

/* Begin XCBuildConfiguration section */
		24A217D6131D410400B22FC3 /* Debug */ = {
			isa = XCBuildConfiguration;
			buildSettings = {
				ARCHS = "$(ARCHS_STANDARD_32_BIT)";
				"CODE_SIGN_IDENTITY[sdk=iphoneos*]" = "iPhone Developer";
				GCC_C_LANGUAGE_STANDARD = gnu99;
				GCC_OPTIMIZATION_LEVEL = 0;
				GCC_PREPROCESSOR_DEFINITIONS = DEBUG;
				GCC_VERSION = com.apple.compilers.llvmgcc42;
				GCC_WARN_ABOUT_RETURN_TYPE = YES;
				GCC_WARN_UNUSED_VARIABLE = YES;
				IPHONEOS_DEPLOYMENT_TARGET = 4.2;
				SDKROOT = iphoneos;
				TARGETED_DEVICE_FAMILY = "1,2";
			};
			name = Debug;
		};
		24A217D7131D410400B22FC3 /* Release */ = {
			isa = XCBuildConfiguration;
			buildSettings = {
				ARCHS = "$(ARCHS_STANDARD_32_BIT)";
				"CODE_SIGN_IDENTITY[sdk=iphoneos*]" = "iPhone Developer";
				GCC_C_LANGUAGE_STANDARD = gnu99;
				GCC_VERSION = com.apple.compilers.llvmgcc42;
				GCC_WARN_ABOUT_RETURN_TYPE = YES;
				GCC_WARN_UNUSED_VARIABLE = YES;
				IPHONEOS_DEPLOYMENT_TARGET = 4.2;
				OTHER_CFLAGS = "-DNS_BLOCK_ASSERTIONS=1";
				SDKROOT = iphoneos;
				TARGETED_DEVICE_FAMILY = "1,2";
			};
			name = Release;
		};
		24A217D9131D410400B22FC3 /* Debug */ = {
			isa = XCBuildConfiguration;
			buildSettings = {
				ALWAYS_SEARCH_USER_PATHS = NO;
				COPY_PHASE_STRIP = NO;
				GCC_DYNAMIC_NO_PIC = NO;
				GCC_PRECOMPILE_PREFIX_HEADER = YES;
				GCC_PREFIX_HEADER = "SampleViewControllers/SampleViewControllers-Prefix.pch";
				INFOPLIST_FILE = "SampleViewControllers/SampleViewControllers-Info.plist";
				INSTALL_PATH = "$(LOCAL_APPS_DIR)";
				PRODUCT_NAME = "$(TARGET_NAME)";
				WRAPPER_EXTENSION = app;
			};
			name = Debug;
		};
		24A217DA131D410400B22FC3 /* Release */ = {
			isa = XCBuildConfiguration;
			buildSettings = {
				ALWAYS_SEARCH_USER_PATHS = NO;
				COPY_PHASE_STRIP = YES;
				GCC_PRECOMPILE_PREFIX_HEADER = YES;
				GCC_PREFIX_HEADER = "SampleViewControllers/SampleViewControllers-Prefix.pch";
				INFOPLIST_FILE = "SampleViewControllers/SampleViewControllers-Info.plist";
				INSTALL_PATH = "$(LOCAL_APPS_DIR)";
				PRODUCT_NAME = "$(TARGET_NAME)";
				VALIDATE_PRODUCT = YES;
				WRAPPER_EXTENSION = app;
			};
			name = Release;
		};
/* End XCBuildConfiguration section */

/* Begin XCConfigurationList section */
		24A217AC131D410400B22FC3 /* Build configuration list for PBXProject "SampleViewControllers" */ = {
			isa = XCConfigurationList;
			buildConfigurations = (
				24A217D6131D410400B22FC3 /* Debug */,
				24A217D7131D410400B22FC3 /* Release */,
			);
			defaultConfigurationIsVisible = 0;
			defaultConfigurationName = Release;
		};
		24A217D8131D410400B22FC3 /* Build configuration list for PBXNativeTarget "SampleViewControllers" */ = {
			isa = XCConfigurationList;
			buildConfigurations = (
				24A217D9131D410400B22FC3 /* Debug */,
				24A217DA131D410400B22FC3 /* Release */,
			);
			defaultConfigurationIsVisible = 0;
			defaultConfigurationName = Release;
		};
/* End XCConfigurationList section */
	};
	rootObject = 24A217A9131D410400B22FC3 /* Project object */;
}
